
Microsoft Visual Studio Solution File, Format Version 12.00
# Visual Studio 15
VisualStudioVersion = 15.0.28307.271
MinimumVisualStudioVersion = 10.0.40219.1
Project("{F2A71F9B-5D33-465A-A702-920D77279786}") = "groupwork", "groupwork\groupwork.fsproj", "{0C59C156-7338-4EF1-8361-28EAB1989106}"
EndProject
Global
	GlobalSection(SolutionConfigurationPlatforms) = preSolution
		Debug|Any CPU = Debug|Any CPU
		Release|Any CPU = Release|Any CPU
	EndGlobalSection
	GlobalSection(ProjectConfigurationPlatforms) = postSolution
		{0C59C156-7338-4EF1-8361-28EAB1989106}.Debug|Any CPU.ActiveCfg = Debug|Any CPU
		{0C59C156-7338-4EF1-8361-28EAB1989106}.Debug|Any CPU.Build.0 = Debug|Any CPU
		{0C59C156-7338-4EF1-8361-28EAB1989106}.Release|Any CPU.ActiveCfg = Release|Any CPU
		{0C59C156-7338-4EF1-8361-28EAB1989106}.Release|Any CPU.Build.0 = Release|Any CPU
	EndGlobalSection
	GlobalSection(SolutionProperties) = preSolution
		HideSolutionNode = FALSE
	EndGlobalSection
	GlobalSection(ExtensibilityGlobals) = postSolution
		SolutionGuid = {873CF58E-D131-4E68-A236-F57F79E2D374}
	EndGlobalSection
EndGlobal
