
Microsoft Visual Studio Solution File, Format Version 12.00
# Visual Studio 15
Project("{F2A71F9B-5D33-465A-A702-920D77279786}") = "FSMD", "FSMD.fsproj", "{D124A67B-C1F6-49D5-B86F-6D27AAB65897}"
EndProject
Global
	GlobalSection(SolutionConfigurationPlatforms) = preSolution
		Debug|Any CPU = Debug|Any CPU
		Release|Any CPU = Release|Any CPU
	EndGlobalSection
	GlobalSection(ProjectConfigurationPlatforms) = postSolution
		{D124A67B-C1F6-49D5-B86F-6D27AAB65897}.Debug|Any CPU.ActiveCfg = Debug|Any CPU
		{D124A67B-C1F6-49D5-B86F-6D27AAB65897}.Debug|Any CPU.Build.0 = Debug|Any CPU
		{D124A67B-C1F6-49D5-B86F-6D27AAB65897}.Release|Any CPU.ActiveCfg = Release|Any CPU
		{D124A67B-C1F6-49D5-B86F-6D27AAB65897}.Release|Any CPU.Build.0 = Release|Any CPU
	EndGlobalSection
EndGlobal
